{
	"name": "oxe-components",
	"version": "1.0.0",
	"lockfileVersion": 1,
	"requires": true,
	"dependencies": {
		"oxe": {
			"version": "3.6.8",
			"resolved": "https://registry.npmjs.org/oxe/-/oxe-3.6.8.tgz",
			"integrity": "sha512-mI0/yd5/5fPVyPKt29RaGreQkddIIne9iauZpxVgufj3wEXxsE+mWqT0FS7VFrTY8dEeuG+8iJktqJP9/Dp+MA==",
			"dev": true
		}
	}
}
