{
	"name": "oxe-components",
	"version": "1.6.1",
	"lockfileVersion": 1,
	"requires": true,
	"dependencies": {
		"oxe": {
			"version": "3.18.0",
			"resolved": "https://registry.npmjs.org/oxe/-/oxe-3.18.0.tgz",
			"integrity": "sha512-uqr7zhphxd6Oacg8d6U6YKW/I5dapCBcQgJzRoDiikcJXx/4G95whz82jIMvOXS4rP8o8Qmc6RbJoY2AfzyVHA==",
			"dev": true
		}
	}
}
