{
	"name": "oxe-components",
	"version": "1.1.0",
	"lockfileVersion": 1,
	"requires": true,
	"dependencies": {
		"oxe": {
			"version": "3.6.12",
			"resolved": "https://registry.npmjs.org/oxe/-/oxe-3.6.12.tgz",
			"integrity": "sha512-pWucADi8XCfPWS78uwznnUWNjHjYe3O6iEHLmDhm9YJODL3dBX5E/h3uzEwVULDp3hM8HKbJnvkBoqXkPo8dAA==",
			"dev": true
		}
	}
}
